
Microsoft Visual Studio Solution File, Format Version 12.00
# Visual Studio Version 17
VisualStudioVersion = 17.5.001.0
MinimumVisualStudioVersion = 10.0.40219.1
Project("{9A19103F-16F7-4668-BE54-9A1E7A4F7556}") = "DotNetDapper", "DotNetDapper.csproj", "{07D2FC4E-D10D-44EA-A07A-531F45325147}"
EndProject
Global
	GlobalSection(SolutionConfigurationPlatforms) = preSolution
		Debug|Any CPU = Debug|Any CPU
		Release|Any CPU = Release|Any CPU
	EndGlobalSection
	GlobalSection(ProjectConfigurationPlatforms) = postSolution
		{07D2FC4E-D10D-44EA-A07A-531F45325147}.Debug|Any CPU.ActiveCfg = Debug|Any CPU
		{07D2FC4E-D10D-44EA-A07A-531F45325147}.Debug|Any CPU.Build.0 = Debug|Any CPU
		{07D2FC4E-D10D-44EA-A07A-531F45325147}.Release|Any CPU.ActiveCfg = Release|Any CPU
		{07D2FC4E-D10D-44EA-A07A-531F45325147}.Release|Any CPU.Build.0 = Release|Any CPU
	EndGlobalSection
	GlobalSection(SolutionProperties) = preSolution
		HideSolutionNode = FALSE
	EndGlobalSection
	GlobalSection(ExtensibilityGlobals) = postSolution
		SolutionGuid = {344B33BF-0E0B-40DD-B2C2-03B4A7168697}
	EndGlobalSection
EndGlobal
